{
  "lockfile_version": 1,
  "plugins": {
    "agent-plugins/agent-discipline": "6c46b39325b51a5e960a199b471d201ddfaf9a9a987c9335ee43b9e4cb6e974f",
    "agent-plugins/block-curl-pipe-sh": "e2784887b0170114c2bbdd6b0ca38db11998f40a2c9d957147ce37e25869e369",
    "agent-plugins/block-destructive-commands": "c61b99e190160de2d85bc4e82ef5835b0990d7802e5be82be9e7b4b31db96cc3",
    "agent-plugins/block-invisible-unicode": "8431ee01e2eb1931a60625dbae526117b0f4c9da57d8575480a47cebd1c17812",
    "agent-plugins/block-no-verify": "513cc99b37e1064359e313b30d3632611e68dba87e28949c2f92a86e925260e5",
    "agent-plugins/block-unapproved-egress": "dec8ac55c498e2513726921bd74b3cba36f5310a4186f0b1227d60362155bc77",
    "agent-plugins/block-wildcard-agent-permissions": "b5da0a00b8cef2f0935410a8e6b246c06a204f3b6370f5de7b2fb6ec7b35b88e",
    "agent-plugins/chock-mise": "473b414eda06ea142b6d9dba855ea1006a59c260b772913b657d2dbba9217b17",
    "agent-plugins/code-safety": "db1dc27c8912ce15f5ebf5ec99952753f640ed96637b43654162b15527b7283d",
    "agent-plugins/context-hygiene": "f6eacceb071d46746293a1bdc8a62ca3931629d7da3d3f2e987466dcf7530095",
    "agent-plugins/git-safety": "3a5a9f1006d0a6f3a3a0092486ade4b3670a2446c85c091d1218c3ca6cad01ac",
    "agent-plugins/injection-defense": "195924a96366185014693ef9b360958158001ea95b9cd1409ea90992cb6d548d",
    "agent-plugins/memory-discipline": "60d8a86bdc509535aaab293cd989efe4d6e4439227d576fd7d11fdf44c573e1c",
    "agent-plugins/pin-github-actions": "7798064cf673776791ee9bb5855324fc4750736ef0708f475ff5b28ed28bd30b",
    "agent-plugins/protect-agent-config": "723d01ba3fd466510cd22e325bf9da365d2d3eb9497b0e152dd0a8b75a08e975",
    "agent-plugins/protect-ci-workflows": "e2e884928623024c07d9078d1ce43b4ae0e77480506a0054602f6485c5d03cee",
    "agent-plugins/protect-commit-privacy": "57dad3525cb99f1e49ef6e90fcb91a51a6414c9db82152fa853bfb4e35dcb642",
    "agent-plugins/protect-main-branch": "ca3e3c686b74e8bf8d812d8390b2c7bf4ee1351e97a07274b989f22814c599ad",
    "agent-plugins/scan-secrets": "31b0f6cf8f9a461ff19b78953acd77dca9e61c8b3c1c6a22adebe4c9edb54258",
    "agent-plugins/token-efficiency": "c2e6715fa54a21cb5c7bbdaf1f49a8fb7b355d1f527786b9338f5d451460dcab",
    "agent-plugins/verify-dependency-exists": "8aa32c1ab00549958853f0454c34f91b34b5a352a71d863ad7d4921469f760bb",
    "claude/agent-discipline": "fef5753b134f952ca7fcf25436fbaef249eb95713c00f062f4dfa7f46fa885a6",
    "claude/block-curl-pipe-sh": "0d905df5098fa4484663ef9997535fed5ed5915281156d62de29f46a814e7282",
    "claude/block-destructive-commands": "0f7142f299c40f7a23cf6c40a0a1ce945b7b4f20bdb10ca91185cf3c1aaaefab",
    "claude/block-invisible-unicode": "356fd61297edf704a0acb0dd25e47089bc0e5920af6c7e369ca19133dace2a2a",
    "claude/block-no-verify": "c3535ef37b2dddd891b5e8f21bea12dd8197852b5e153a7b6738bba98f305052",
    "claude/block-unapproved-egress": "026c1378fa05f78536ec76e0b474a9faf46a02891e4ad5ea5872e3790f5c1f4d",
    "claude/block-wildcard-agent-permissions": "48b74e8cb93f7c61a6383f8155336fd249aca0798e44a3bacb166978cb8c8bb9",
    "claude/chock-mise": "e2efc18c767beeca590f9b9fb337639b44b1eec0e3c1afeb472af5ca2f7143d0",
    "claude/code-safety": "a2183886e58a9b0aa625b99e3215aeabb8374b30e9e61fdb6c0f332213abecc9",
    "claude/context-hygiene": "6f3a696cb218de8d10e2ce8cfbf87a155d27462d82e115c4febeae5a71c5f7ce",
    "claude/git-safety": "abb7a4e4995dbc6f5911a8dba373e2edd75c54701c7e470c3df1bf5ec329d149",
    "claude/injection-defense": "c753c4db141ca05a831e102f98d5f427466bab7b33fddfc499a0c42a4e8fc432",
    "claude/memory-discipline": "10d1b317ac8ed78796be65a096f1fa4a16244fa762bfed40177e45dcab6dc602",
    "claude/pin-github-actions": "d4c03b3f67cde515957039b988d6b40bdb41694576fbe4e98a3d6f04da2edcad",
    "claude/protect-agent-config": "0234231a5ae4a9e96cd254494eec8c6078d6fd33eb4e3b12333367b94d8f680b",
    "claude/protect-ci-workflows": "01b9cb43fc16a1f72b000247643bb224abdc1dda36beca812d3bd9d2af8c244f",
    "claude/protect-commit-privacy": "7702f0e8713f47831f2c4b87596ef142027d832a13a0a3ed1fbc52863ffda12a",
    "claude/protect-main-branch": "ce7af7d45ceb15691e76bdd3d92f0608fbbdb290692c033d1fff3db88e4581bd",
    "claude/scan-secrets": "233998e9828c512779836138c22f7cf853d125436d687e65da3ff9e608957bd3",
    "claude/token-efficiency": "e46444679ebaf590aff5ad4bbebfbae6c4d82ef67e286dd6d3978feb0c8dfd6b",
    "claude/verify-dependency-exists": "eceebaac5c4d2914e2242dfc578a575b3c407af51bfcc0fd4b433c1f787492dd",
    "copilot/agent-discipline": "916cf6252d170d7358397a4ab677b6ad39fe46193a411634da1193ad1d79d15d",
    "copilot/block-curl-pipe-sh": "40525e469998103b5ffd116debfd61c6ac2f4730ee36b5a36a72eaa3d02adde1",
    "copilot/block-destructive-commands": "acdf34d0989a8c72243030c4795a14a1c997b4f7c07cda9e32336ae2a59e6fa4",
    "copilot/block-invisible-unicode": "70f9d53e62790bf9cea4b5c73a8894c38836924bc4ab0da9bf714b88d743d455",
    "copilot/block-no-verify": "1869223e62b7813e31846ebaf310a3d835fbc79a9c8662d902458f50eddd55e9",
    "copilot/block-unapproved-egress": "2d47d5883ae098dda1e8f27f9a65025e011a1cf8aad2f744286a181652551315",
    "copilot/block-wildcard-agent-permissions": "3419020b82c4cd92c3fc80a0030532812f3348ef286d5541c38bcb6555381c4e",
    "copilot/chock-mise": "f57b90eb773fbb6c12894099c4e29685a8a9cb5be45d02a4a2391f41f296a6f9",
    "copilot/code-safety": "4e4a634e5edba25aa65baaa49c2240f5b3b4c4bfa4fa8ecbd894bbb7420864d4",
    "copilot/context-hygiene": "30dc558d5e1bb2d18afa95a2ea4f588bf49d6408d83cf38bd7c4670b39b5ad2f",
    "copilot/git-safety": "311aedc9d41372b6ddd929f81519cc597712c56f286029b46b4f84e99170d760",
    "copilot/injection-defense": "5ab6b020d38a30d741fdf389deaed5cd39a2073cf83e9d1571578e24b25c8c04",
    "copilot/memory-discipline": "9f06e1353f7436111feb00db1af30a4c1c9b26869513c82b83fd6ed41de7768d",
    "copilot/pin-github-actions": "c67851e4566ad5e70ef5783002b86b579e37fafb3e8bcb765432c7f32d608a7f",
    "copilot/protect-agent-config": "d114c1f21de6bafc2f7afdd69d5cf1923f6a4e9dac5075a689eea8ff42c69415",
    "copilot/protect-ci-workflows": "1c06d73d7caec9226feb89e4a3cd8e406394ea92d052e27d576c7e57dab41f70",
    "copilot/protect-commit-privacy": "88022a8c5d5ec0292a64169128391139b09ff1b319905adc218997cec66e3a0f",
    "copilot/protect-main-branch": "0e5dbd1301d63170fbebdcf40afcca553aa7b04dcd6dd224b78308395c614e69",
    "copilot/scan-secrets": "03fdcf42b66e51d699a054927b4705e5d5ec36975811dbd9f2a80ebda54de03c",
    "copilot/token-efficiency": "80b336e4e9269de5bf86e415ecb5bab5b78d0fb613ca7443bd2b6ba619721f4a",
    "copilot/verify-dependency-exists": "7f0e0de0abf4531e136af88419c440785e43439e39a30d325a111db53f57d2eb",
    "docs/assets": "25bfbecc459370951b78403fe560735d76427333f04a8b8fdfa26259e88dff27"
  }
}
