{
  "lockfile_version": 1,
  "plugins": {
    "agent-plugins/agent-discipline": "b9f5f31b3f43d8e087e98ecfbfd179b1c7bd4b7c558922cb5ff8642ddf5dbf59",
    "agent-plugins/block-curl-pipe-sh": "878781a7dcf0c652b0235fa6ad49c15a5f3fe342acc3af3c44eb88705b14e7e0",
    "agent-plugins/block-destructive-commands": "d80b7ae2f57873974123a5798a1ab33c92d0718f32df9824c2dd5f2c13eba990",
    "agent-plugins/block-invisible-unicode": "162e021f14763dacd572b4f25c2df6963ffa1ca6aa9a293c72872a6feb6013d6",
    "agent-plugins/block-no-verify": "0f0bb40646ec9d54a122bb06e51ab6606dc53ff04fa3a5110d5f58e3d6499b74",
    "agent-plugins/block-unapproved-egress": "c9b1f945691f2cdffaa40e947fbd67cf91a7dc040be74f2137530430db37f55c",
    "agent-plugins/block-wildcard-agent-permissions": "625d6ba4fdd68e9fee99808353d3f8ea257b511bd9c48724d8544d0a2a9f50f0",
    "agent-plugins/chock-mise": "f0a9a6a1a9e03fcb36c4280913c98ae2844a4d7d6c77f1bb1529a3b48b6f9c7b",
    "agent-plugins/code-safety": "399ad72833e3ef707a1fae850763ee23029e4785524360c17e89da5e71ea52fc",
    "agent-plugins/context-hygiene": "250b027bdbbbf559cf5a7c705dcab826248c82690adb22e249fc67c55dec1066",
    "agent-plugins/firecrawl-fallback-only": "8c5f945746aa127b98cd4de8816363c7a319061bff2016d2b6101391f53abc4c",
    "agent-plugins/git-safety": "9c1c2a30672225d04f2b4851487c055ce0045d894565fa0356723387745326fd",
    "agent-plugins/injection-defense": "8c41ce7884af9a087b16165662ee349873f6788057f78e8819848fa72d3f890d",
    "agent-plugins/memory-discipline": "295db29f6167bf476d448578941552828a29f0b08277feea22a240a03dffde3d",
    "agent-plugins/pin-github-actions": "12b8a04977e39ff03514832b50314940831ad7b40b3e3cd7909674be8f6f78a9",
    "agent-plugins/protect-agent-config": "85ac0523170dfcd478023e76b2e438be584753425343dc4c1b7798abd0119b98",
    "agent-plugins/protect-ci-workflows": "da5abf783dc58288ab45edc78f292e60240e67645ea51751feba6706dc715e1a",
    "agent-plugins/protect-commit-privacy": "75f4d10fd2d4cf8a552296212f47270e5f173381d0e13d407ae1af6c6f40b081",
    "agent-plugins/protect-main-branch": "91c2681715b4c7835ed50a0a17f2f6a9d7979f0f0b0999a7862123dea6caa493",
    "agent-plugins/scan-secrets": "b1a0d12e7aee95e2a6e71508bfb31f2f62d3d5f175bfb77a9f67da8819aa2952",
    "agent-plugins/token-efficiency": "91df05b497c2b25ceb31fb44aaae374e59955e0c7a3c2f86b96e548421e78bc2",
    "agent-plugins/verify-dependency-exists": "5cb2b4d914ef261da6623f24cf4d4aae4eb3562c4c69c5f0a32614d7f5694a21",
    "agent-plugins/verify-mcp-allowlist": "2ffeef6d5d19024ad53b149774995c519ca949bcd200ce1b32d6caaa56defb0f",
    "claude/agent-discipline": "6691c88259debbc1c0d8b566acce7a91247609deac5a0931eecc4c520ab03b54",
    "claude/block-curl-pipe-sh": "c71c922f9719f1e49e5973b622ffc144616861ac208fcd5afbbd71344a146a8c",
    "claude/block-destructive-commands": "36c83b434aa2c2ae0744e5a0d8e11d9821480b4b8c71db85cb5b285065e2fd71",
    "claude/block-invisible-unicode": "4b679a0012c818b36ac1b13d77b97019a0d350e2e5f81ef1d2cafe9de56baf7f",
    "claude/block-no-verify": "efedfd9293e4084e7921ff141179ea82e599acfdc61a7cd89dd10ec5faf0f53a",
    "claude/block-unapproved-egress": "3c8320524d178dd91e054ae80170ec474f8b818373a43ba4196bdaa30a3cad0b",
    "claude/block-wildcard-agent-permissions": "dbae8a7a95ea1ec5d8fd3ec0e43a16653e96ca6b2fcdecc341225f8c06919553",
    "claude/chock-mise": "e78a4581e4543ef502f86c79b7bc690e9e857af89e1358a4fb37a9b6444ac0e5",
    "claude/code-safety": "3c33e57cb17f6e60f177dd34ca566d81647b7b498818f1c537cfc7ed5d5012a3",
    "claude/context-hygiene": "56b2e4e21067bd3efc806e706f0be42425b0fe85ac8e8f32ba605f4631cad856",
    "claude/firecrawl-fallback-only": "07ae3041642a475ef19f82a1557192ec7b4b4a30bc243fe7464e3959ccd3cd9c",
    "claude/git-safety": "0d19c0eff59a6762d4266fc0412805b5938a96dee40e9f59d5cc9a40a42f9c21",
    "claude/injection-defense": "a20919e3c23a6e7d19e3ee26be1a5399b274e4e8e1a94dc21e8e6a39a2cc1fc6",
    "claude/memory-discipline": "f0ff9d377abaf153e699ae00d06bdcdb6f114602acc73d6ab443e475ebb3784b",
    "claude/pin-github-actions": "d3090451aea884e073908abe6890187b9f1bd3737b9ccfe3d93fd90669552b86",
    "claude/protect-agent-config": "9309550964839088995acc0685b2449e5deb12c7a7828e6bd4d65040312e8d8a",
    "claude/protect-ci-workflows": "eba17d9e2ae782a03e4e38ab215759a61f3e2e00b4d0432837a48aa2cbba94d4",
    "claude/protect-commit-privacy": "91128e953a37f65151e9e86609618427cccae0e1a824df4c49ef8c49c84bc281",
    "claude/protect-main-branch": "ea0ebf15d85ff812701ae12cf89c802d078df66a26ab50dcc051c85fd3026bc8",
    "claude/scan-secrets": "391e692ab02df513369a25604ba848fc74d8b5845dea19344d6b17b7a106e12d",
    "claude/token-efficiency": "04936038cdda9a07ff01dae089bc60d5d015f36a025b8827bfb5cafbd392981b",
    "claude/verify-dependency-exists": "47dffaa24c63ff8fe08177ccbee185d0369d8da8962f104f2bb479e8fa3bef54",
    "claude/verify-mcp-allowlist": "6b031240a691790a57844076b9204abdd098a3d2f128c7eecfbaab9386c3d19b",
    "copilot/agent-discipline": "8a521ac0f358a0a6dc1d87516fbd507ee576630f62e88b30aa72902748a5005b",
    "copilot/block-curl-pipe-sh": "bd6cd184064273d0e672f94a1a4ca27ab674080afc5564b3d9e1b6ccc6df46ec",
    "copilot/block-destructive-commands": "ee766fd253f7b0822d66c278d88bbb3126df7755be55581c1711ea202334abe6",
    "copilot/block-invisible-unicode": "dd6fd6417209d4845d2519b5ffe0903579a483dcfcabe6403c6d5d51482ebe33",
    "copilot/block-no-verify": "e3f198e47b6daca747147fce759f1f5620e34be3192cf101c21404901b5f97bb",
    "copilot/block-unapproved-egress": "20bbb8a11767f96a78fabf55bc41bcf399c5fabf0ff97fd54c1b3c3ce4aec769",
    "copilot/block-wildcard-agent-permissions": "ded7bb8279463f60947c2a6aae38f09a534a6602887dc0c4c26eb8665f464a61",
    "copilot/chock-mise": "efb484a02c59552f24eb64db90e6a8d0e8809a6039c468e35f35ac110f197603",
    "copilot/code-safety": "e6ca631e83481d6ebf74dd73238899b92ccc0f82f3e6fe2f534872cef31bafa0",
    "copilot/context-hygiene": "f2b534eebef8eeaeba206497c07bf7664ae63df96cfa18399b274d62d8fb31fb",
    "copilot/firecrawl-fallback-only": "f30d08f82ac91753872d97fc544fadc7515658e67316bfd1c9f21570c70e3828",
    "copilot/git-safety": "b1b41001bc0e922c177aa78d9e69e613986a9610ceb946caf640e2f5ec4aead2",
    "copilot/injection-defense": "003de7e98a6dad712b99e26c8810da1dc8036c7cdb03058263349277d66a328a",
    "copilot/memory-discipline": "0d7ee35605a7bbf73e185608c9f159b5dc7e13e7fae0a170575c6a8522961aa7",
    "copilot/pin-github-actions": "2e4dac20d53bea69921ab0336fde046319b17dc37749badab1385c2303554edc",
    "copilot/protect-agent-config": "6ab0ef02b7cd77ce51951747325f3a89d8fb1a1725880b9883de8127e775088c",
    "copilot/protect-ci-workflows": "da433c7b30da8764632d9015c9142e22310bf831bbb52e508c8b7f4b6a64933c",
    "copilot/protect-commit-privacy": "13c2e544026bf734c22d142a4778a7e86b612f6f87fe3b7c4e31b7dfdec22c75",
    "copilot/protect-main-branch": "7e47e5fb342a48b4bee5347a5dacafef4e46bab8cd6c74c1ecba580b08dd13a9",
    "copilot/scan-secrets": "809cf30a578b6d4d27048d354a7f4ce34df83b2bf12c3d31bf9bfab5f1d992d8",
    "copilot/token-efficiency": "e6c7581cd5ec580ca776e1013173838e02de87bf1f4871671832b80fbdee31e5",
    "copilot/verify-dependency-exists": "fdd7a1039b2601bd24f32830b8f59c12357f6ca6625a354ce00c0247e5901de4",
    "copilot/verify-mcp-allowlist": "f6ec5b4c0142bda3b6a84e39b7a3dbabef899e04fd4e79af9961356b8375f2a4",
    "docs/assets": "25bfbecc459370951b78403fe560735d76427333f04a8b8fdfa26259e88dff27"
  }
}
