{
  "lockfile_version": 1,
  "plugins": {
    "agent-plugins/agent-discipline": "92941127ff6b20ce8e01561735a73d9181aaa40ede21ebd9f2e22a9bc6925405",
    "agent-plugins/block-destructive-commands": "ea4c768083d5d707c56e082b22b0e8cf6da19e9e45b0e28b368f1c04e30b2e83",
    "agent-plugins/block-invisible-unicode": "d5935fab05513cc61cb9c06f06e5d338b2864c1dc291d8d15a7e226cb57a9a3e",
    "agent-plugins/block-no-verify": "2434fd8a8bcb7a2d674bd4f4cb873662738cf276766f6a80aff45c3e2edeff82",
    "agent-plugins/block-wildcard-agent-permissions": "0e6cebc30420187c5dd32ca975e6b20cf36d0c1aafce12843f54ee8b977ff96e",
    "agent-plugins/code-safety": "0078a4af6a33a27de5a4c5281992b353ca77d9cf4ca43d2f511e22d3e65e3c9b",
    "agent-plugins/context-hygiene": "1afcc8177bc662563a50ab942e4bb12647b9b7061d94b1cff9778e23b2ccb399",
    "agent-plugins/git-safety": "7cf7d7abffd8a1e6815aaaf081cd9b191b980e7f2ca3ad67bfcc58c96b2bb58c",
    "agent-plugins/injection-defense": "7df2b2b5874f281cabdaa9f6c1d3b1208b9596e8395a54cddd8254596297d6e8",
    "agent-plugins/memory-discipline": "2f64cd528874942f43ca48ceb0dfe9451b0a3ccba4384740cb6c8f7562451d74",
    "agent-plugins/protect-agent-config": "b0f90275b6d064f0fc15faacfbfbafafbc1ee8d429fa2093a3bb14b2ef74b6f1",
    "agent-plugins/protect-commit-privacy": "beeff1f18935dae7b727cd4c492eb0f153435bebe8afe0a4fad67f16b03e9488",
    "agent-plugins/protect-main-branch": "ca3e3c686b74e8bf8d812d8390b2c7bf4ee1351e97a07274b989f22814c599ad",
    "agent-plugins/scan-secrets": "4d5199c1605137a8503f06581e841877e81d15c416d0ba3a945273c8bde5377f",
    "agent-plugins/token-efficiency": "644ec2037457da0caebf5fb5f92aba5e352d1dd833bb518fe8bd51f2fbc748ed",
    "agent-plugins/verify-dependency-exists": "edec546ac87521a8f15229f88d85c6520c41fe5c0fd801f60404f0caacae8be3",
    "claude/agent-discipline": "a1f357fbe0eddab17d6bfa960fb3a4d648462fb3508a314b4cb172b93c74871b",
    "claude/block-destructive-commands": "5980fc25a6127f7590a909a2b8a1f929c4a32d334fafb45ee02a875ca813ddd9",
    "claude/block-invisible-unicode": "1bc60b1817e3ce91a26db20143dc2b9498541fe0775583af477e3dd1fbd7856d",
    "claude/block-no-verify": "9057d5fb3d76d660b51e456529acd5ae6ffbc4a015e4f988973fab1462901dc7",
    "claude/block-wildcard-agent-permissions": "2a0216ad29fb165ea36892a4991ddee77d5372100ba75faf75d99b70d5094c5c",
    "claude/code-safety": "07c47e0f06a5d0ea91a158b03d54de37af2ae17a31a2ac83a42b3743538216f3",
    "claude/context-hygiene": "14be51c80a3e28e7523fd37ca3209be3c894db6462302c2a33f48d339b231540",
    "claude/git-safety": "937a8562282776a4303a8a24e1067e471be4b5f2f3764a361627794e1c1b561f",
    "claude/injection-defense": "838e0ab415c4aad5664573fae874705e36acc11a796a006c7ce93c84c59f96af",
    "claude/memory-discipline": "bb216923bcbdbf1dbe10917e954a3392a56dee87db436e3d5c1e5078ab7f6e75",
    "claude/protect-agent-config": "259976a1ad149ed1787b684d9e0156f9ba8b739bfb6a3693895992ea00588ddc",
    "claude/protect-commit-privacy": "1838b78d90918951f24123a5b181fade2d6f6640d4a69213e379ef32e5a13310",
    "claude/protect-main-branch": "ce7af7d45ceb15691e76bdd3d92f0608fbbdb290692c033d1fff3db88e4581bd",
    "claude/scan-secrets": "54095baab9fa9e25449edb280422c9abedeeb1cc87cbcf85f914028663a53c50",
    "claude/token-efficiency": "e28cc8671fc011b55da826ea408348303c09f3abe3b5e6fc4e3a98f7149e29f5",
    "claude/verify-dependency-exists": "6416ce6294ac73c266b95a249bfa890a37b44710d04e7f4115b74f7f4c9c0042",
    "copilot/agent-discipline": "06d7b4ee05b121bf403fbc41a6bd46612266b7d95a89bd055c1cb83b2d3d0b4f",
    "copilot/block-destructive-commands": "0f6257d7ed8bf4985d15266c34de0f27d81eb019b57ff9b588e04ccc00e7be17",
    "copilot/block-invisible-unicode": "58f5cff5f586c22c840e3af8cd44a45ba65fe315adb0efbeac23ba4f72e40769",
    "copilot/block-no-verify": "1e8202ef0b8aad693ffcd594f831c7d2446909ddb37556b690544fccae5f2cb5",
    "copilot/block-wildcard-agent-permissions": "5b5149200743d817d6dc4aec523af05513a5e9be260f438a8293def94538650e",
    "copilot/code-safety": "74424e3823bf0c14a74bc4adb72c284f304119c705f3843ddb9c396b3944e479",
    "copilot/context-hygiene": "4b46dfa08fc3188217d7d1a20de2ed2cac11d74ce4d5f6b5799ca36622faa6d4",
    "copilot/git-safety": "6d65cd2b37f0c1e7be6462302b3ec42be10c365e0ab39a4c5318274fafb7d7b7",
    "copilot/injection-defense": "a4fa3916955569ad541de08e6fb47ea27bdda5a724920149b1f067a27c584fa0",
    "copilot/memory-discipline": "33a71e28a575d2e53b534b9e8706358ebd1c4d955aa0abf1c3c648f1ec40fbc4",
    "copilot/protect-agent-config": "e31fc673628e78333edfdc45807fb84375d302002c166d5e1d121d2da32e0aae",
    "copilot/protect-commit-privacy": "d4e7f45a1bec3a6a2964a6f799ed2a85ac263e60dc737a9b8f15e9e96e6f81c1",
    "copilot/protect-main-branch": "0e5dbd1301d63170fbebdcf40afcca553aa7b04dcd6dd224b78308395c614e69",
    "copilot/scan-secrets": "3ede8e4e7b8bc4094fe95d093c28869120d3764fd1789bda6419478dde3268d6",
    "copilot/token-efficiency": "e992ef5c72f092eb6813493ec42e3c5374e0eb4859769e3e9106cbf7070e16da",
    "copilot/verify-dependency-exists": "26a6a90d1ff696cd86928996cc3e979eed7310a390d8ce7bc9022f9da7df22db"
  }
}
